
Microsoft Visual Studio Solution File, Format Version 12.00
# Visual Studio 15
VisualStudioVersion = 15.0.26730.8
MinimumVisualStudioVersion = 10.0.40219.1
Project("{FAE04EC0-301F-11D3-BF4B-00C04F79EFBC}") = "PasteSharp", "PasteSharp\PasteSharp.csproj", "{DD4EB6A6-3A24-4914-BE6E-101185E4026F}"
EndProject
Project("{FAE04EC0-301F-11D3-BF4B-00C04F79EFBC}") = "PasteSharp.Example", "PasteSharp.Example\PasteSharp.Example.csproj", "{4F20603A-8FAD-4232-B486-9B09B0FAB8BE}"
	ProjectSection(ProjectDependencies) = postProject
		{DD4EB6A6-3A24-4914-BE6E-101185E4026F} = {DD4EB6A6-3A24-4914-BE6E-101185E4026F}
	EndProjectSection
EndProject
Global
	GlobalSection(SolutionConfigurationPlatforms) = preSolution
		Debug|Any CPU = Debug|Any CPU
		Release|Any CPU = Release|Any CPU
	EndGlobalSection
	GlobalSection(ProjectConfigurationPlatforms) = postSolution
		{DD4EB6A6-3A24-4914-BE6E-101185E4026F}.Debug|Any CPU.ActiveCfg = Debug|Any CPU
		{DD4EB6A6-3A24-4914-BE6E-101185E4026F}.Debug|Any CPU.Build.0 = Debug|Any CPU
		{DD4EB6A6-3A24-4914-BE6E-101185E4026F}.Release|Any CPU.ActiveCfg = Release|Any CPU
		{DD4EB6A6-3A24-4914-BE6E-101185E4026F}.Release|Any CPU.Build.0 = Release|Any CPU
		{4F20603A-8FAD-4232-B486-9B09B0FAB8BE}.Debug|Any CPU.ActiveCfg = Debug|Any CPU
		{4F20603A-8FAD-4232-B486-9B09B0FAB8BE}.Debug|Any CPU.Build.0 = Debug|Any CPU
		{4F20603A-8FAD-4232-B486-9B09B0FAB8BE}.Release|Any CPU.ActiveCfg = Release|Any CPU
		{4F20603A-8FAD-4232-B486-9B09B0FAB8BE}.Release|Any CPU.Build.0 = Release|Any CPU
	EndGlobalSection
	GlobalSection(SolutionProperties) = preSolution
		HideSolutionNode = FALSE
	EndGlobalSection
	GlobalSection(ExtensibilityGlobals) = postSolution
		SolutionGuid = {B4BB9FA4-1D92-4412-B678-109108A7E679}
	EndGlobalSection
EndGlobal
